
Microsoft Visual Studio Solution File, Format Version 12.00
# Visual Studio Version 17
VisualStudioVersion = 17.0.31903.59
MinimumVisualStudioVersion = 10.0.40219.1
Project("{2150E333-8FDC-42A3-9474-1A3956D46DE8}") = "src", "src", "{A1000000-0000-0000-0000-000000000001}"
EndProject
Project("{2150E333-8FDC-42A3-9474-1A3956D46DE8}") = "tests", "tests", "{A2000000-0000-0000-0000-000000000002}"
EndProject
Project("{FAE04EC0-301F-11D3-BF4B-00C04F79EFBC}") = "MultiTenantETL.API", "src\MultiTenantETL.API\MultiTenantETL.API.csproj", "{C605783E-BE61-49D5-A116-49F1D0554B99}"
EndProject
Project("{FAE04EC0-301F-11D3-BF4B-00C04F79EFBC}") = "MultiTenantETL.Application", "src\MultiTenantETL.Application\MultiTenantETL.Application.csproj", "{4D593A92-5657-4CC7-BB7B-1BD2D9616EE9}"
EndProject
Project("{FAE04EC0-301F-11D3-BF4B-00C04F79EFBC}") = "MultiTenantETL.Domain", "src\MultiTenantETL.Domain\MultiTenantETL.Domain.csproj", "{85DB7EC1-0099-4A6B-8404-73930E8472E2}"
EndProject
Project("{FAE04EC0-301F-11D3-BF4B-00C04F79EFBC}") = "MultiTenantETL.Infrastructure", "src\MultiTenantETL.Infrastructure\MultiTenantETL.Infrastructure.csproj", "{B3E4FACA-812D-4BA7-A94D-CB4C207A9201}"
EndProject
Project("{FAE04EC0-301F-11D3-BF4B-00C04F79EFBC}") = "MultiTenantETL.Worker", "src\MultiTenantETL.Worker\MultiTenantETL.Worker.csproj", "{D1000000-0000-0000-0000-000000000001}"
EndProject
Project("{FAE04EC0-301F-11D3-BF4B-00C04F79EFBC}") = "MultiTenantETL.AppHost", "src\MultiTenantETL.AppHost\MultiTenantETL.AppHost.csproj", "{D2000000-0000-0000-0000-000000000002}"
EndProject
Project("{FAE04EC0-301F-11D3-BF4B-00C04F79EFBC}") = "MultiTenantETL.ServiceDefaults", "src\MultiTenantETL.ServiceDefaults\MultiTenantETL.ServiceDefaults.csproj", "{D3000000-0000-0000-0000-000000000003}"
EndProject
Project("{FAE04EC0-301F-11D3-BF4B-00C04F79EFBC}") = "MultiTenantETL.IntegrationTests", "tests\MultiTenantETL.IntegrationTests\MultiTenantETL.IntegrationTests.csproj", "{D4000000-0000-0000-0000-000000000004}"
EndProject
Project("{FAE04EC0-301F-11D3-BF4B-00C04F79EFBC}") = "MultiTenantETL.UnitTests", "tests\MultiTenantETL.UnitTests\MultiTenantETL.UnitTests.csproj", "{D5000000-0000-0000-0000-000000000005}"
EndProject
Global
	GlobalSection(SolutionConfigurationPlatforms) = preSolution
		Debug|Any CPU = Debug|Any CPU
		Release|Any CPU = Release|Any CPU
	EndGlobalSection
	GlobalSection(ProjectConfigurationPlatforms) = postSolution
		{C605783E-BE61-49D5-A116-49F1D0554B99}.Debug|Any CPU.ActiveCfg = Debug|Any CPU
		{C605783E-BE61-49D5-A116-49F1D0554B99}.Debug|Any CPU.Build.0 = Debug|Any CPU
		{C605783E-BE61-49D5-A116-49F1D0554B99}.Release|Any CPU.ActiveCfg = Release|Any CPU
		{C605783E-BE61-49D5-A116-49F1D0554B99}.Release|Any CPU.Build.0 = Release|Any CPU
		{4D593A92-5657-4CC7-BB7B-1BD2D9616EE9}.Debug|Any CPU.ActiveCfg = Debug|Any CPU
		{4D593A92-5657-4CC7-BB7B-1BD2D9616EE9}.Debug|Any CPU.Build.0 = Debug|Any CPU
		{4D593A92-5657-4CC7-BB7B-1BD2D9616EE9}.Release|Any CPU.ActiveCfg = Release|Any CPU
		{4D593A92-5657-4CC7-BB7B-1BD2D9616EE9}.Release|Any CPU.Build.0 = Release|Any CPU
		{85DB7EC1-0099-4A6B-8404-73930E8472E2}.Debug|Any CPU.ActiveCfg = Debug|Any CPU
		{85DB7EC1-0099-4A6B-8404-73930E8472E2}.Debug|Any CPU.Build.0 = Debug|Any CPU
		{85DB7EC1-0099-4A6B-8404-73930E8472E2}.Release|Any CPU.ActiveCfg = Release|Any CPU
		{85DB7EC1-0099-4A6B-8404-73930E8472E2}.Release|Any CPU.Build.0 = Release|Any CPU
		{B3E4FACA-812D-4BA7-A94D-CB4C207A9201}.Debug|Any CPU.ActiveCfg = Debug|Any CPU
		{B3E4FACA-812D-4BA7-A94D-CB4C207A9201}.Debug|Any CPU.Build.0 = Debug|Any CPU
		{B3E4FACA-812D-4BA7-A94D-CB4C207A9201}.Release|Any CPU.ActiveCfg = Release|Any CPU
		{B3E4FACA-812D-4BA7-A94D-CB4C207A9201}.Release|Any CPU.Build.0 = Release|Any CPU
		{D1000000-0000-0000-0000-000000000001}.Debug|Any CPU.ActiveCfg = Debug|Any CPU
		{D1000000-0000-0000-0000-000000000001}.Debug|Any CPU.Build.0 = Debug|Any CPU
		{D1000000-0000-0000-0000-000000000001}.Release|Any CPU.ActiveCfg = Release|Any CPU
		{D1000000-0000-0000-0000-000000000001}.Release|Any CPU.Build.0 = Release|Any CPU
		{D2000000-0000-0000-0000-000000000002}.Debug|Any CPU.ActiveCfg = Debug|Any CPU
		{D2000000-0000-0000-0000-000000000002}.Debug|Any CPU.Build.0 = Debug|Any CPU
		{D2000000-0000-0000-0000-000000000002}.Release|Any CPU.ActiveCfg = Release|Any CPU
		{D2000000-0000-0000-0000-000000000002}.Release|Any CPU.Build.0 = Release|Any CPU
		{D3000000-0000-0000-0000-000000000003}.Debug|Any CPU.ActiveCfg = Debug|Any CPU
		{D3000000-0000-0000-0000-000000000003}.Debug|Any CPU.Build.0 = Debug|Any CPU
		{D3000000-0000-0000-0000-000000000003}.Release|Any CPU.ActiveCfg = Release|Any CPU
		{D3000000-0000-0000-0000-000000000003}.Release|Any CPU.Build.0 = Release|Any CPU
		{D4000000-0000-0000-0000-000000000004}.Debug|Any CPU.ActiveCfg = Debug|Any CPU
		{D4000000-0000-0000-0000-000000000004}.Debug|Any CPU.Build.0 = Debug|Any CPU
		{D4000000-0000-0000-0000-000000000004}.Release|Any CPU.ActiveCfg = Release|Any CPU
		{D4000000-0000-0000-0000-000000000004}.Release|Any CPU.Build.0 = Release|Any CPU
		{D5000000-0000-0000-0000-000000000005}.Debug|Any CPU.ActiveCfg = Debug|Any CPU
		{D5000000-0000-0000-0000-000000000005}.Debug|Any CPU.Build.0 = Debug|Any CPU
		{D5000000-0000-0000-0000-000000000005}.Release|Any CPU.ActiveCfg = Release|Any CPU
		{D5000000-0000-0000-0000-000000000005}.Release|Any CPU.Build.0 = Release|Any CPU
	EndGlobalSection
	GlobalSection(NestedProjects) = preSolution
		{C605783E-BE61-49D5-A116-49F1D0554B99} = {A1000000-0000-0000-0000-000000000001}
		{4D593A92-5657-4CC7-BB7B-1BD2D9616EE9} = {A1000000-0000-0000-0000-000000000001}
		{85DB7EC1-0099-4A6B-8404-73930E8472E2} = {A1000000-0000-0000-0000-000000000001}
		{B3E4FACA-812D-4BA7-A94D-CB4C207A9201} = {A1000000-0000-0000-0000-000000000001}
		{D1000000-0000-0000-0000-000000000001} = {A1000000-0000-0000-0000-000000000001}
		{D2000000-0000-0000-0000-000000000002} = {A1000000-0000-0000-0000-000000000001}
		{D3000000-0000-0000-0000-000000000003} = {A1000000-0000-0000-0000-000000000001}
		{D4000000-0000-0000-0000-000000000004} = {A2000000-0000-0000-0000-000000000002}
		{D5000000-0000-0000-0000-000000000005} = {A2000000-0000-0000-0000-000000000002}
	EndGlobalSection
EndGlobal
